// !$*UTF8*$!
{
	archiveVersion = 1;
	classes = {
	};
	objectVersion = 46;
	objects = {

/* Begin PBXBuildFile section */
		AFF4F08A324E294C1A95AA6E /* libPods.a in Frameworks */ = {isa = PBXBuildFile; fileRef = D32DB77AAAD9C38731C48A39 /* libPods.a */; };
		C4294D051B8C8EBF00D92F81 /* SCPAllHeaderReusableView.m in Sources */ = {isa = PBXBuildFile; fileRef = C4294D041B8C8EBF00D92F81 /* SCPAllHeaderReusableView.m */; };
		C4294D081B8CA25700D92F81 /* SCPAllShopModel.m in Sources */ = {isa = PBXBuildFile; fileRef = C4294D071B8CA25700D92F81 /* SCPAllShopModel.m */; };
		C44250F01B8CBA8B00C0C1E5 /* UIImageView+SCPExtension.m in Sources */ = {isa = PBXBuildFile; fileRef = C44250EF1B8CBA8B00C0C1E5 /* UIImageView+SCPExtension.m */; };
		C453D6501B90C6F50021FA0C /* Storyboard.storyboard in Resources */ = {isa = PBXBuildFile; fileRef = C453D64F1B90C6F50021FA0C /* Storyboard.storyboard */; };
		C4D952F61B8A381E0087FD98 /* main.m in Sources */ = {isa = PBXBuildFile; fileRef = C4D952F51B8A381E0087FD98 /* main.m */; };
		C4D953011B8A381E0087FD98 /* Images.xcassets in Resources */ = {isa = PBXBuildFile; fileRef = C4D953001B8A381E0087FD98 /* Images.xcassets */; };
		C4D953041B8A381E0087FD98 /* LaunchScreen.xib in Resources */ = {isa = PBXBuildFile; fileRef = C4D953021B8A381E0087FD98 /* LaunchScreen.xib */; };
		C4D953101B8A381E0087FD98 /* SCPProjectTests.m in Sources */ = {isa = PBXBuildFile; fileRef = C4D9530F1B8A381E0087FD98 /* SCPProjectTests.m */; };
		C4D953321B8A39090087FD98 /* AppDelegate.m in Sources */ = {isa = PBXBuildFile; fileRef = C4D953281B8A39090087FD98 /* AppDelegate.m */; };
		C4EDDBA61B8B366800DB6679 /* UIView+SCPExtension.m in Sources */ = {isa = PBXBuildFile; fileRef = C4EDDBA51B8B366800DB6679 /* UIView+SCPExtension.m */; };
		C4EDDBB31B8B36A500DB6679 /* UIImage+SCPExtension.m in Sources */ = {isa = PBXBuildFile; fileRef = C4EDDBAC1B8B36A500DB6679 /* UIImage+SCPExtension.m */; };
		C4EDDBBC1B8B36B300DB6679 /* SCPConst.m in Sources */ = {isa = PBXBuildFile; fileRef = C4EDDBB71B8B36B300DB6679 /* SCPConst.m */; };
		C4EDDBC21B8B3DB300DB6679 /* SCPNavigationController.m in Sources */ = {isa = PBXBuildFile; fileRef = C4EDDBC11B8B3DB300DB6679 /* SCPNavigationController.m */; };
		C4EDDBC51B8B3DC700DB6679 /* SCPTabBarController.m in Sources */ = {isa = PBXBuildFile; fileRef = C4EDDBC41B8B3DC700DB6679 /* SCPTabBarController.m */; };
		C4EDDBCB1B8B3E5C00DB6679 /* SCPSaleViewController.m in Sources */ = {isa = PBXBuildFile; fileRef = C4EDDBCA1B8B3E5C00DB6679 /* SCPSaleViewController.m */; };
		C4EDDBD41B8B3F2400DB6679 /* SCPHomeViewController.m in Sources */ = {isa = PBXBuildFile; fileRef = C4EDDBD31B8B3F2400DB6679 /* SCPHomeViewController.m */; };
		C4F7C3A91B8B6DA70096D1A6 /* SCPAllViewController.m in Sources */ = {isa = PBXBuildFile; fileRef = C4F7C3A81B8B6DA70096D1A6 /* SCPAllViewController.m */; };
		C4F7C3AC1B8B6DD90096D1A6 /* SCPShowViewController.m in Sources */ = {isa = PBXBuildFile; fileRef = C4F7C3AB1B8B6DD90096D1A6 /* SCPShowViewController.m */; };
		C4F7C3B01B8B6E3A0096D1A6 /* SCPShowCell.m in Sources */ = {isa = PBXBuildFile; fileRef = C4F7C3AE1B8B6E3A0096D1A6 /* SCPShowCell.m */; };
		C4F7C3B11B8B6E3A0096D1A6 /* SCPShowCell.xib in Resources */ = {isa = PBXBuildFile; fileRef = C4F7C3AF1B8B6E3A0096D1A6 /* SCPShowCell.xib */; };
		C4F7C3B51B8B6EA50096D1A6 /* SCPAllCell.m in Sources */ = {isa = PBXBuildFile; fileRef = C4F7C3B31B8B6EA50096D1A6 /* SCPAllCell.m */; };
		C4F7C3B61B8B6EA50096D1A6 /* SCPAllCell.xib in Resources */ = {isa = PBXBuildFile; fileRef = C4F7C3B41B8B6EA50096D1A6 /* SCPAllCell.xib */; };
		C4F7C3C41B8B807B0096D1A6 /* SCPImagesScroll.m in Sources */ = {isa = PBXBuildFile; fileRef = C4F7C3C21B8B807B0096D1A6 /* SCPImagesScroll.m */; };
		C4F7C3C51B8B807B0096D1A6 /* SCPImagesScroll.xib in Resources */ = {isa = PBXBuildFile; fileRef = C4F7C3C31B8B807B0096D1A6 /* SCPImagesScroll.xib */; };
		E143E8DE1B8F10C800175AE3 /* SCPGlobleViewController.m in Sources */ = {isa = PBXBuildFile; fileRef = E143E8DD1B8F10C800175AE3 /* SCPGlobleViewController.m */; };
		E143E8E11B8F10D700175AE3 /* SCPTAsiaViewController.m in Sources */ = {isa = PBXBuildFile; fileRef = E143E8E01B8F10D700175AE3 /* SCPTAsiaViewController.m */; };
		E143E8E41B8F10F800175AE3 /* SCPEuropViewController.m in Sources */ = {isa = PBXBuildFile; fileRef = E143E8E31B8F10F800175AE3 /* SCPEuropViewController.m */; };
		E143E8E71B8F110A00175AE3 /* SCPNorthAmeracaViewController.m in Sources */ = {isa = PBXBuildFile; fileRef = E143E8E61B8F110A00175AE3 /* SCPNorthAmeracaViewController.m */; };
		E153192E1B8B4504009AEACD /* SCPMeViewController.xib in Resources */ = {isa = PBXBuildFile; fileRef = E153192D1B8B4504009AEACD /* SCPMeViewController.xib */; };
		E15319311B8B45DA009AEACD /* SCPMeViewController.m in Sources */ = {isa = PBXBuildFile; fileRef = E15319301B8B45DA009AEACD /* SCPMeViewController.m */; };
		E15DFDE91B8B4CC80074489D /* SCPTextField.m in Sources */ = {isa = PBXBuildFile; fileRef = E15DFDE81B8B4CC80074489D /* SCPTextField.m */; };
		E17036991B8B9F06006FA3DE /* SCPFindPswViewController.m in Sources */ = {isa = PBXBuildFile; fileRef = E17036971B8B9F06006FA3DE /* SCPFindPswViewController.m */; };
		E170369A1B8B9F06006FA3DE /* SCPFindPswViewController.xib in Resources */ = {isa = PBXBuildFile; fileRef = E17036981B8B9F06006FA3DE /* SCPFindPswViewController.xib */; };
		E1858C111B8C54A0008072CF /* SCPGlobalViewController.m in Sources */ = {isa = PBXBuildFile; fileRef = E1858C101B8C54A0008072CF /* SCPGlobalViewController.m */; };
		E1A8F75C1B8BA79800317649 /* SCPSpeedResignViewController.m in Sources */ = {isa = PBXBuildFile; fileRef = E1A8F75A1B8BA79800317649 /* SCPSpeedResignViewController.m */; };
		E1A8F75D1B8BA79800317649 /* SCPSpeedResignViewController.xib in Resources */ = {isa = PBXBuildFile; fileRef = E1A8F75B1B8BA79800317649 /* SCPSpeedResignViewController.xib */; };
/* End PBXBuildFile section */

/* Begin PBXContainerItemProxy section */
		C4D9530A1B8A381E0087FD98 /* PBXContainerItemProxy */ = {
			isa = PBXContainerItemProxy;
			containerPortal = C4D952E81B8A381E0087FD98 /* Project object */;
			proxyType = 1;
			remoteGlobalIDString = C4D952EF1B8A381E0087FD98;
			remoteInfo = SCPProject;
		};
/* End PBXContainerItemProxy section */

/* Begin PBXFileReference section */
		C4294D031B8C8EBF00D92F81 /* SCPAllHeaderReusableView.h */ = {isa = PBXFileReference; fileEncoding = 4; lastKnownFileType = sourcecode.c.h; path = SCPAllHeaderReusableView.h; sourceTree = "<group>"; };
		C4294D041B8C8EBF00D92F81 /* SCPAllHeaderReusableView.m */ = {isa = PBXFileReference; fileEncoding = 4; lastKnownFileType = sourcecode.c.objc; path = SCPAllHeaderReusableView.m; sourceTree = "<group>"; };
		C4294D061B8CA25700D92F81 /* SCPAllShopModel.h */ = {isa = PBXFileReference; fileEncoding = 4; lastKnownFileType = sourcecode.c.h; path = SCPAllShopModel.h; sourceTree = "<group>"; };
		C4294D071B8CA25700D92F81 /* SCPAllShopModel.m */ = {isa = PBXFileReference; fileEncoding = 4; lastKnownFileType = sourcecode.c.objc; path = SCPAllShopModel.m; sourceTree = "<group>"; };
		C44250EE1B8CBA8B00C0C1E5 /* UIImageView+SCPExtension.h */ = {isa = PBXFileReference; fileEncoding = 4; lastKnownFileType = sourcecode.c.h; path = "UIImageView+SCPExtension.h"; sourceTree = "<group>"; };
		C44250EF1B8CBA8B00C0C1E5 /* UIImageView+SCPExtension.m */ = {isa = PBXFileReference; fileEncoding = 4; lastKnownFileType = sourcecode.c.objc; path = "UIImageView+SCPExtension.m"; sourceTree = "<group>"; };
		C453D64F1B90C6F50021FA0C /* Storyboard.storyboard */ = {isa = PBXFileReference; fileEncoding = 4; lastKnownFileType = file.storyboard; path = Storyboard.storyboard; sourceTree = "<group>"; };
		C4D952F01B8A381E0087FD98 /* SCPProject.app */ = {isa = PBXFileReference; explicitFileType = wrapper.application; includeInIndex = 0; path = SCPProject.app; sourceTree = BUILT_PRODUCTS_DIR; };
		C4D952F41B8A381E0087FD98 /* Info.plist */ = {isa = PBXFileReference; lastKnownFileType = text.plist.xml; path = Info.plist; sourceTree = "<group>"; };
		C4D952F51B8A381E0087FD98 /* main.m */ = {isa = PBXFileReference; lastKnownFileType = sourcecode.c.objc; path = main.m; sourceTree = "<group>"; };
		C4D953001B8A381E0087FD98 /* Images.xcassets */ = {isa = PBXFileReference; lastKnownFileType = folder.assetcatalog; path = Images.xcassets; sourceTree = "<group>"; };
		C4D953031B8A381E0087FD98 /* Base */ = {isa = PBXFileReference; lastKnownFileType = file.xib; name = Base; path = Base.lproj/LaunchScreen.xib; sourceTree = "<group>"; };
		C4D953091B8A381E0087FD98 /* SCPProjectTests.xctest */ = {isa = PBXFileReference; explicitFileType = wrapper.cfbundle; includeInIndex = 0; path = SCPProjectTests.xctest; sourceTree = BUILT_PRODUCTS_DIR; };
		C4D9530E1B8A381E0087FD98 /* Info.plist */ = {isa = PBXFileReference; lastKnownFileType = text.plist.xml; path = Info.plist; sourceTree = "<group>"; };
		C4D9530F1B8A381E0087FD98 /* SCPProjectTests.m */ = {isa = PBXFileReference; lastKnownFileType = sourcecode.c.objc; path = SCPProjectTests.m; sourceTree = "<group>"; };
		C4D953271B8A39090087FD98 /* AppDelegate.h */ = {isa = PBXFileReference; fileEncoding = 4; lastKnownFileType = sourcecode.c.h; path = AppDelegate.h; sourceTree = "<group>"; };
		C4D953281B8A39090087FD98 /* AppDelegate.m */ = {isa = PBXFileReference; fileEncoding = 4; lastKnownFileType = sourcecode.c.objc; path = AppDelegate.m; sourceTree = "<group>"; };
		C4EDDBA41B8B366800DB6679 /* UIView+SCPExtension.h */ = {isa = PBXFileReference; fileEncoding = 4; lastKnownFileType = sourcecode.c.h; path = "UIView+SCPExtension.h"; sourceTree = "<group>"; };
		C4EDDBA51B8B366800DB6679 /* UIView+SCPExtension.m */ = {isa = PBXFileReference; fileEncoding = 4; lastKnownFileType = sourcecode.c.objc; path = "UIView+SCPExtension.m"; sourceTree = "<group>"; };
		C4EDDBAB1B8B36A500DB6679 /* UIImage+SCPExtension.h */ = {isa = PBXFileReference; fileEncoding = 4; lastKnownFileType = sourcecode.c.h; path = "UIImage+SCPExtension.h"; sourceTree = "<group>"; };
		C4EDDBAC1B8B36A500DB6679 /* UIImage+SCPExtension.m */ = {isa = PBXFileReference; fileEncoding = 4; lastKnownFileType = sourcecode.c.objc; path = "UIImage+SCPExtension.m"; sourceTree = "<group>"; };
		C4EDDBB61B8B36B300DB6679 /* SCPConst.h */ = {isa = PBXFileReference; fileEncoding = 4; lastKnownFileType = sourcecode.c.h; path = SCPConst.h; sourceTree = "<group>"; };
		C4EDDBB71B8B36B300DB6679 /* SCPConst.m */ = {isa = PBXFileReference; fileEncoding = 4; lastKnownFileType = sourcecode.c.objc; path = SCPConst.m; sourceTree = "<group>"; };
		C4EDDBBF1B8B3A4500DB6679 /* scp.pch */ = {isa = PBXFileReference; lastKnownFileType = sourcecode.c.h; path = scp.pch; sourceTree = "<group>"; };
		C4EDDBC01B8B3DB300DB6679 /* SCPNavigationController.h */ = {isa = PBXFileReference; fileEncoding = 4; lastKnownFileType = sourcecode.c.h; path = SCPNavigationController.h; sourceTree = "<group>"; };
		C4EDDBC11B8B3DB300DB6679 /* SCPNavigationController.m */ = {isa = PBXFileReference; fileEncoding = 4; lastKnownFileType = sourcecode.c.objc; path = SCPNavigationController.m; sourceTree = "<group>"; };
		C4EDDBC31B8B3DC700DB6679 /* SCPTabBarController.h */ = {isa = PBXFileReference; fileEncoding = 4; lastKnownFileType = sourcecode.c.h; path = SCPTabBarController.h; sourceTree = "<group>"; };
		C4EDDBC41B8B3DC700DB6679 /* SCPTabBarController.m */ = {isa = PBXFileReference; fileEncoding = 4; lastKnownFileType = sourcecode.c.objc; path = SCPTabBarController.m; sourceTree = "<group>"; };
		C4EDDBC91B8B3E5C00DB6679 /* SCPSaleViewController.h */ = {isa = PBXFileReference; fileEncoding = 4; lastKnownFileType = sourcecode.c.h; path = SCPSaleViewController.h; sourceTree = "<group>"; };
		C4EDDBCA1B8B3E5C00DB6679 /* SCPSaleViewController.m */ = {isa = PBXFileReference; fileEncoding = 4; lastKnownFileType = sourcecode.c.objc; path = SCPSaleViewController.m; sourceTree = "<group>"; };
		C4EDDBD21B8B3F2400DB6679 /* SCPHomeViewController.h */ = {isa = PBXFileReference; fileEncoding = 4; lastKnownFileType = sourcecode.c.h; path = SCPHomeViewController.h; sourceTree = "<group>"; };
		C4EDDBD31B8B3F2400DB6679 /* SCPHomeViewController.m */ = {isa = PBXFileReference; fileEncoding = 4; lastKnownFileType = sourcecode.c.objc; path = SCPHomeViewController.m; sourceTree = "<group>"; };
		C4F7C3A71B8B6DA70096D1A6 /* SCPAllViewController.h */ = {isa = PBXFileReference; fileEncoding = 4; lastKnownFileType = sourcecode.c.h; path = SCPAllViewController.h; sourceTree = "<group>"; };
		C4F7C3A81B8B6DA70096D1A6 /* SCPAllViewController.m */ = {isa = PBXFileReference; fileEncoding = 4; lastKnownFileType = sourcecode.c.objc; path = SCPAllViewController.m; sourceTree = "<group>"; };
		C4F7C3AA1B8B6DD90096D1A6 /* SCPShowViewController.h */ = {isa = PBXFileReference; fileEncoding = 4; lastKnownFileType = sourcecode.c.h; path = SCPShowViewController.h; sourceTree = "<group>"; };
		C4F7C3AB1B8B6DD90096D1A6 /* SCPShowViewController.m */ = {isa = PBXFileReference; fileEncoding = 4; lastKnownFileType = sourcecode.c.objc; path = SCPShowViewController.m; sourceTree = "<group>"; };
		C4F7C3AD1B8B6E3A0096D1A6 /* SCPShowCell.h */ = {isa = PBXFileReference; fileEncoding = 4; lastKnownFileType = sourcecode.c.h; path = SCPShowCell.h; sourceTree = "<group>"; };
		C4F7C3AE1B8B6E3A0096D1A6 /* SCPShowCell.m */ = {isa = PBXFileReference; fileEncoding = 4; lastKnownFileType = sourcecode.c.objc; path = SCPShowCell.m; sourceTree = "<group>"; };
		C4F7C3AF1B8B6E3A0096D1A6 /* SCPShowCell.xib */ = {isa = PBXFileReference; fileEncoding = 4; lastKnownFileType = file.xib; path = SCPShowCell.xib; sourceTree = "<group>"; };
		C4F7C3B21B8B6EA50096D1A6 /* SCPAllCell.h */ = {isa = PBXFileReference; fileEncoding = 4; lastKnownFileType = sourcecode.c.h; path = SCPAllCell.h; sourceTree = "<group>"; };
		C4F7C3B31B8B6EA50096D1A6 /* SCPAllCell.m */ = {isa = PBXFileReference; fileEncoding = 4; lastKnownFileType = sourcecode.c.objc; path = SCPAllCell.m; sourceTree = "<group>"; };
		C4F7C3B41B8B6EA50096D1A6 /* SCPAllCell.xib */ = {isa = PBXFileReference; fileEncoding = 4; lastKnownFileType = file.xib; path = SCPAllCell.xib; sourceTree = "<group>"; };
		C4F7C3C11B8B807B0096D1A6 /* SCPImagesScroll.h */ = {isa = PBXFileReference; fileEncoding = 4; lastKnownFileType = sourcecode.c.h; path = SCPImagesScroll.h; sourceTree = "<group>"; };
		C4F7C3C21B8B807B0096D1A6 /* SCPImagesScroll.m */ = {isa = PBXFileReference; fileEncoding = 4; lastKnownFileType = sourcecode.c.objc; path = SCPImagesScroll.m; sourceTree = "<group>"; };
		C4F7C3C31B8B807B0096D1A6 /* SCPImagesScroll.xib */ = {isa = PBXFileReference; fileEncoding = 4; lastKnownFileType = file.xib; path = SCPImagesScroll.xib; sourceTree = "<group>"; };
		D32DB77AAAD9C38731C48A39 /* libPods.a */ = {isa = PBXFileReference; explicitFileType = archive.ar; includeInIndex = 0; path = libPods.a; sourceTree = BUILT_PRODUCTS_DIR; };
		E143E8DC1B8F10C800175AE3 /* SCPGlobleViewController.h */ = {isa = PBXFileReference; fileEncoding = 4; lastKnownFileType = sourcecode.c.h; path = SCPGlobleViewController.h; sourceTree = "<group>"; };
		E143E8DD1B8F10C800175AE3 /* SCPGlobleViewController.m */ = {isa = PBXFileReference; fileEncoding = 4; lastKnownFileType = sourcecode.c.objc; path = SCPGlobleViewController.m; sourceTree = "<group>"; };
		E143E8DF1B8F10D700175AE3 /* SCPTAsiaViewController.h */ = {isa = PBXFileReference; fileEncoding = 4; lastKnownFileType = sourcecode.c.h; path = SCPTAsiaViewController.h; sourceTree = "<group>"; };
		E143E8E01B8F10D700175AE3 /* SCPTAsiaViewController.m */ = {isa = PBXFileReference; fileEncoding = 4; lastKnownFileType = sourcecode.c.objc; path = SCPTAsiaViewController.m; sourceTree = "<group>"; };
		E143E8E21B8F10F800175AE3 /* SCPEuropViewController.h */ = {isa = PBXFileReference; fileEncoding = 4; lastKnownFileType = sourcecode.c.h; path = SCPEuropViewController.h; sourceTree = "<group>"; };
		E143E8E31B8F10F800175AE3 /* SCPEuropViewController.m */ = {isa = PBXFileReference; fileEncoding = 4; lastKnownFileType = sourcecode.c.objc; path = SCPEuropViewController.m; sourceTree = "<group>"; };
		E143E8E51B8F110A00175AE3 /* SCPNorthAmeracaViewController.h */ = {isa = PBXFileReference; fileEncoding = 4; lastKnownFileType = sourcecode.c.h; path = SCPNorthAmeracaViewController.h; sourceTree = "<group>"; };
		E143E8E61B8F110A00175AE3 /* SCPNorthAmeracaViewController.m */ = {isa = PBXFileReference; fileEncoding = 4; lastKnownFileType = sourcecode.c.objc; path = SCPNorthAmeracaViewController.m; sourceTree = "<group>"; };
		E153192D1B8B4504009AEACD /* SCPMeViewController.xib */ = {isa = PBXFileReference; fileEncoding = 4; lastKnownFileType = file.xib; path = SCPMeViewController.xib; sourceTree = "<group>"; };
		E153192F1B8B45DA009AEACD /* SCPMeViewController.h */ = {isa = PBXFileReference; fileEncoding = 4; lastKnownFileType = sourcecode.c.h; path = SCPMeViewController.h; sourceTree = "<group>"; };
		E15319301B8B45DA009AEACD /* SCPMeViewController.m */ = {isa = PBXFileReference; fileEncoding = 4; lastKnownFileType = sourcecode.c.objc; path = SCPMeViewController.m; sourceTree = "<group>"; };
		E15DFDE71B8B4CC80074489D /* SCPTextField.h */ = {isa = PBXFileReference; fileEncoding = 4; lastKnownFileType = sourcecode.c.h; path = SCPTextField.h; sourceTree = "<group>"; };
		E15DFDE81B8B4CC80074489D /* SCPTextField.m */ = {isa = PBXFileReference; fileEncoding = 4; lastKnownFileType = sourcecode.c.objc; path = SCPTextField.m; sourceTree = "<group>"; };
		E17036961B8B9F06006FA3DE /* SCPFindPswViewController.h */ = {isa = PBXFileReference; fileEncoding = 4; lastKnownFileType = sourcecode.c.h; path = SCPFindPswViewController.h; sourceTree = "<group>"; };
		E17036971B8B9F06006FA3DE /* SCPFindPswViewController.m */ = {isa = PBXFileReference; fileEncoding = 4; lastKnownFileType = sourcecode.c.objc; path = SCPFindPswViewController.m; sourceTree = "<group>"; };
		E17036981B8B9F06006FA3DE /* SCPFindPswViewController.xib */ = {isa = PBXFileReference; fileEncoding = 4; lastKnownFileType = file.xib; path = SCPFindPswViewController.xib; sourceTree = "<group>"; };
		E1858C0F1B8C54A0008072CF /* SCPGlobalViewController.h */ = {isa = PBXFileReference; fileEncoding = 4; lastKnownFileType = sourcecode.c.h; path = SCPGlobalViewController.h; sourceTree = "<group>"; };
		E1858C101B8C54A0008072CF /* SCPGlobalViewController.m */ = {isa = PBXFileReference; fileEncoding = 4; lastKnownFileType = sourcecode.c.objc; path = SCPGlobalViewController.m; sourceTree = "<group>"; };
		E1A8F7591B8BA79800317649 /* SCPSpeedResignViewController.h */ = {isa = PBXFileReference; fileEncoding = 4; lastKnownFileType = sourcecode.c.h; path = SCPSpeedResignViewController.h; sourceTree = "<group>"; };
		E1A8F75A1B8BA79800317649 /* SCPSpeedResignViewController.m */ = {isa = PBXFileReference; fileEncoding = 4; lastKnownFileType = sourcecode.c.objc; path = SCPSpeedResignViewController.m; sourceTree = "<group>"; };
		E1A8F75B1B8BA79800317649 /* SCPSpeedResignViewController.xib */ = {isa = PBXFileReference; fileEncoding = 4; lastKnownFileType = file.xib; path = SCPSpeedResignViewController.xib; sourceTree = "<group>"; };
		E214A6D865F5930FAC592943 /* Pods.release.xcconfig */ = {isa = PBXFileReference; includeInIndex = 1; lastKnownFileType = text.xcconfig; name = Pods.release.xcconfig; path = "Pods/Target Support Files/Pods/Pods.release.xcconfig"; sourceTree = "<group>"; };
		F2AB383CC0F68C2E48387E03 /* Pods.debug.xcconfig */ = {isa = PBXFileReference; includeInIndex = 1; lastKnownFileType = text.xcconfig; name = Pods.debug.xcconfig; path = "Pods/Target Support Files/Pods/Pods.debug.xcconfig"; sourceTree = "<group>"; };
/* End PBXFileReference section */

/* Begin PBXFrameworksBuildPhase section */
		C4D952ED1B8A381E0087FD98 /* Frameworks */ = {
			isa = PBXFrameworksBuildPhase;
			buildActionMask = 2147483647;
			files = (
				AFF4F08A324E294C1A95AA6E /* libPods.a in Frameworks */,
			);
			runOnlyForDeploymentPostprocessing = 0;
		};
		C4D953061B8A381E0087FD98 /* Frameworks */ = {
			isa = PBXFrameworksBuildPhase;
			buildActionMask = 2147483647;
			files = (
			);
			runOnlyForDeploymentPostprocessing = 0;
		};
/* End PBXFrameworksBuildPhase section */

/* Begin PBXGroup section */
		6DF30B289937F6D34C07B10C /* Frameworks */ = {
			isa = PBXGroup;
			children = (
				D32DB77AAAD9C38731C48A39 /* libPods.a */,
			);
			name = Frameworks;
			sourceTree = "<group>";
		};
		B567475B14A5B5AFC6BC6D83 /* Pods */ = {
			isa = PBXGroup;
			children = (
				F2AB383CC0F68C2E48387E03 /* Pods.debug.xcconfig */,
				E214A6D865F5930FAC592943 /* Pods.release.xcconfig */,
			);
			name = Pods;
			sourceTree = "<group>";
		};
		C4D952E71B8A381E0087FD98 = {
			isa = PBXGroup;
			children = (
				C4D952F21B8A381E0087FD98 /* SCPProject */,
				C4D9530C1B8A381E0087FD98 /* SCPProjectTests */,
				C4D952F11B8A381E0087FD98 /* Products */,
				B567475B14A5B5AFC6BC6D83 /* Pods */,
				6DF30B289937F6D34C07B10C /* Frameworks */,
			);
			sourceTree = "<group>";
		};
		C4D952F11B8A381E0087FD98 /* Products */ = {
			isa = PBXGroup;
			children = (
				C4D952F01B8A381E0087FD98 /* SCPProject.app */,
				C4D953091B8A381E0087FD98 /* SCPProjectTests.xctest */,
			);
			name = Products;
			sourceTree = "<group>";
		};
		C4D952F21B8A381E0087FD98 /* SCPProject */ = {
			isa = PBXGroup;
			children = (
				C4D953191B8A39090087FD98 /* Classes */,
				C4D953001B8A381E0087FD98 /* Images.xcassets */,
				C4D953021B8A381E0087FD98 /* LaunchScreen.xib */,
				C4D952F31B8A381E0087FD98 /* Supporting Files */,
			);
			path = SCPProject;
			sourceTree = "<group>";
		};
		C4D952F31B8A381E0087FD98 /* Supporting Files */ = {
			isa = PBXGroup;
			children = (
				C4D952F41B8A381E0087FD98 /* Info.plist */,
				C4D952F51B8A381E0087FD98 /* main.m */,
				C4EDDBBF1B8B3A4500DB6679 /* scp.pch */,
			);
			name = "Supporting Files";
			sourceTree = "<group>";
		};
		C4D9530C1B8A381E0087FD98 /* SCPProjectTests */ = {
			isa = PBXGroup;
			children = (
				C4D9530F1B8A381E0087FD98 /* SCPProjectTests.m */,
				C4D9530D1B8A381E0087FD98 /* Supporting Files */,
			);
			path = SCPProjectTests;
			sourceTree = "<group>";
		};
		C4D9530D1B8A381E0087FD98 /* Supporting Files */ = {
			isa = PBXGroup;
			children = (
				C4D9530E1B8A381E0087FD98 /* Info.plist */,
			);
			name = "Supporting Files";
			sourceTree = "<group>";
		};
		C4D953191B8A39090087FD98 /* Classes */ = {
			isa = PBXGroup;
			children = (
				C4D9531E1B8A39090087FD98 /* Home */,
				C4D9532E1B8A39090087FD98 /* Sale */,
				C4D9531A1B8A39090087FD98 /* Global */,
				C4D953221B8A39090087FD98 /* Me */,
				C4D953261B8A39090087FD98 /* Other */,
			);
			path = Classes;
			sourceTree = "<group>";
		};
		C4D9531A1B8A39090087FD98 /* Global */ = {
			isa = PBXGroup;
			children = (
				C4D9531B1B8A39090087FD98 /* Controller */,
				C4D9531C1B8A39090087FD98 /* Model */,
				C4D9531D1B8A39090087FD98 /* View */,
			);
			path = Global;
			sourceTree = "<group>";
		};
		C4D9531B1B8A39090087FD98 /* Controller */ = {
			isa = PBXGroup;
			children = (
				E1858C0F1B8C54A0008072CF /* SCPGlobalViewController.h */,
				E1858C101B8C54A0008072CF /* SCPGlobalViewController.m */,
				E143E8DC1B8F10C800175AE3 /* SCPGlobleViewController.h */,
				E143E8DD1B8F10C800175AE3 /* SCPGlobleViewController.m */,
				E143E8DF1B8F10D700175AE3 /* SCPTAsiaViewController.h */,
				E143E8E01B8F10D700175AE3 /* SCPTAsiaViewController.m */,
				E143E8E21B8F10F800175AE3 /* SCPEuropViewController.h */,
				E143E8E31B8F10F800175AE3 /* SCPEuropViewController.m */,
				E143E8E51B8F110A00175AE3 /* SCPNorthAmeracaViewController.h */,
				E143E8E61B8F110A00175AE3 /* SCPNorthAmeracaViewController.m */,
			);
			path = Controller;
			sourceTree = "<group>";
		};
		C4D9531C1B8A39090087FD98 /* Model */ = {
			isa = PBXGroup;
			children = (
			);
			path = Model;
			sourceTree = "<group>";
		};
		C4D9531D1B8A39090087FD98 /* View */ = {
			isa = PBXGroup;
			children = (
			);
			path = View;
			sourceTree = "<group>";
		};
		C4D9531E1B8A39090087FD98 /* Home */ = {
			isa = PBXGroup;
			children = (
				C4D9531F1B8A39090087FD98 /* Controller */,
				C4D953201B8A39090087FD98 /* Model */,
				C4D953211B8A39090087FD98 /* View */,
			);
			path = Home;
			sourceTree = "<group>";
		};
		C4D9531F1B8A39090087FD98 /* Controller */ = {
			isa = PBXGroup;
			children = (
				C4EDDBD21B8B3F2400DB6679 /* SCPHomeViewController.h */,
				C4EDDBD31B8B3F2400DB6679 /* SCPHomeViewController.m */,
				C4F7C3A71B8B6DA70096D1A6 /* SCPAllViewController.h */,
				C4F7C3A81B8B6DA70096D1A6 /* SCPAllViewController.m */,
				C4F7C3AA1B8B6DD90096D1A6 /* SCPShowViewController.h */,
				C4F7C3AB1B8B6DD90096D1A6 /* SCPShowViewController.m */,
				C453D64F1B90C6F50021FA0C /* Storyboard.storyboard */,
			);
			path = Controller;
			sourceTree = "<group>";
		};
		C4D953201B8A39090087FD98 /* Model */ = {
			isa = PBXGroup;
			children = (
				C4294D061B8CA25700D92F81 /* SCPAllShopModel.h */,
				C4294D071B8CA25700D92F81 /* SCPAllShopModel.m */,
			);
			path = Model;
			sourceTree = "<group>";
		};
		C4D953211B8A39090087FD98 /* View */ = {
			isa = PBXGroup;
			children = (
				C4F7C3AD1B8B6E3A0096D1A6 /* SCPShowCell.h */,
				C4F7C3AE1B8B6E3A0096D1A6 /* SCPShowCell.m */,
				C4F7C3AF1B8B6E3A0096D1A6 /* SCPShowCell.xib */,
				C4F7C3B21B8B6EA50096D1A6 /* SCPAllCell.h */,
				C4F7C3B31B8B6EA50096D1A6 /* SCPAllCell.m */,
				C4F7C3B41B8B6EA50096D1A6 /* SCPAllCell.xib */,
				C4F7C3C11B8B807B0096D1A6 /* SCPImagesScroll.h */,
				C4F7C3C21B8B807B0096D1A6 /* SCPImagesScroll.m */,
				C4F7C3C31B8B807B0096D1A6 /* SCPImagesScroll.xib */,
				C4294D031B8C8EBF00D92F81 /* SCPAllHeaderReusableView.h */,
				C4294D041B8C8EBF00D92F81 /* SCPAllHeaderReusableView.m */,
			);
			path = View;
			sourceTree = "<group>";
		};
		C4D953221B8A39090087FD98 /* Me */ = {
			isa = PBXGroup;
			children = (
				E15DFDE61B8B4CA60074489D /* Model */,
				E15DFDE51B8B4C990074489D /* View */,
				C4D953231B8A39090087FD98 /* Controller */,
			);
			path = Me;
			sourceTree = "<group>";
		};
		C4D953231B8A39090087FD98 /* Controller */ = {
			isa = PBXGroup;
			children = (
				E153192F1B8B45DA009AEACD /* SCPMeViewController.h */,
				E15319301B8B45DA009AEACD /* SCPMeViewController.m */,
				E153192D1B8B4504009AEACD /* SCPMeViewController.xib */,
				E17036961B8B9F06006FA3DE /* SCPFindPswViewController.h */,
				E17036971B8B9F06006FA3DE /* SCPFindPswViewController.m */,
				E17036981B8B9F06006FA3DE /* SCPFindPswViewController.xib */,
				E1A8F7591B8BA79800317649 /* SCPSpeedResignViewController.h */,
				E1A8F75A1B8BA79800317649 /* SCPSpeedResignViewController.m */,
				E1A8F75B1B8BA79800317649 /* SCPSpeedResignViewController.xib */,
			);
			path = Controller;
			sourceTree = "<group>";
		};
		C4D953261B8A39090087FD98 /* Other */ = {
			isa = PBXGroup;
			children = (
				C4D953271B8A39090087FD98 /* AppDelegate.h */,
				C4D953281B8A39090087FD98 /* AppDelegate.m */,
				C4D953291B8A39090087FD98 /* Category */,
				C4D9532A1B8A39090087FD98 /* Controller */,
				C4D9532B1B8A39090087FD98 /* Model */,
				C4D9532C1B8A39090087FD98 /* Utility */,
				C4D9532D1B8A39090087FD98 /* View */,
			);
			path = Other;
			sourceTree = "<group>";
		};
		C4D953291B8A39090087FD98 /* Category */ = {
			isa = PBXGroup;
			children = (
				C4EDDBAB1B8B36A500DB6679 /* UIImage+SCPExtension.h */,
				C4EDDBAC1B8B36A500DB6679 /* UIImage+SCPExtension.m */,
				C4EDDBA41B8B366800DB6679 /* UIView+SCPExtension.h */,
				C4EDDBA51B8B366800DB6679 /* UIView+SCPExtension.m */,
				C44250EE1B8CBA8B00C0C1E5 /* UIImageView+SCPExtension.h */,
				C44250EF1B8CBA8B00C0C1E5 /* UIImageView+SCPExtension.m */,
			);
			path = Category;
			sourceTree = "<group>";
		};
		C4D9532A1B8A39090087FD98 /* Controller */ = {
			isa = PBXGroup;
			children = (
				C4EDDBC01B8B3DB300DB6679 /* SCPNavigationController.h */,
				C4EDDBC11B8B3DB300DB6679 /* SCPNavigationController.m */,
				C4EDDBC31B8B3DC700DB6679 /* SCPTabBarController.h */,
				C4EDDBC41B8B3DC700DB6679 /* SCPTabBarController.m */,
			);
			path = Controller;
			sourceTree = "<group>";
		};
		C4D9532B1B8A39090087FD98 /* Model */ = {
			isa = PBXGroup;
			children = (
			);
			path = Model;
			sourceTree = "<group>";
		};
		C4D9532C1B8A39090087FD98 /* Utility */ = {
			isa = PBXGroup;
			children = (
				C4EDDBB61B8B36B300DB6679 /* SCPConst.h */,
				C4EDDBB71B8B36B300DB6679 /* SCPConst.m */,
			);
			path = Utility;
			sourceTree = "<group>";
		};
		C4D9532D1B8A39090087FD98 /* View */ = {
			isa = PBXGroup;
			children = (
			);
			path = View;
			sourceTree = "<group>";
		};
		C4D9532E1B8A39090087FD98 /* Sale */ = {
			isa = PBXGroup;
			children = (
				C4D9532F1B8A39090087FD98 /* Controller */,
				C4D953301B8A39090087FD98 /* Model */,
				C4D953311B8A39090087FD98 /* View */,
			);
			path = Sale;
			sourceTree = "<group>";
		};
		C4D9532F1B8A39090087FD98 /* Controller */ = {
			isa = PBXGroup;
			children = (
				C4EDDBC91B8B3E5C00DB6679 /* SCPSaleViewController.h */,
				C4EDDBCA1B8B3E5C00DB6679 /* SCPSaleViewController.m */,
			);
			path = Controller;
			sourceTree = "<group>";
		};
		C4D953301B8A39090087FD98 /* Model */ = {
			isa = PBXGroup;
			children = (
			);
			path = Model;
			sourceTree = "<group>";
		};
		C4D953311B8A39090087FD98 /* View */ = {
			isa = PBXGroup;
			children = (
			);
			path = View;
			sourceTree = "<group>";
		};
		E15DFDE51B8B4C990074489D /* View */ = {
			isa = PBXGroup;
			children = (
				E15DFDE71B8B4CC80074489D /* SCPTextField.h */,
				E15DFDE81B8B4CC80074489D /* SCPTextField.m */,
			);
			path = View;
			sourceTree = "<group>";
		};
		E15DFDE61B8B4CA60074489D /* Model */ = {
			isa = PBXGroup;
			children = (
			);
			path = Model;
			sourceTree = "<group>";
		};
/* End PBXGroup section */

/* Begin PBXNativeTarget section */
		C4D952EF1B8A381E0087FD98 /* SCPProject */ = {
			isa = PBXNativeTarget;
			buildConfigurationList = C4D953131B8A381E0087FD98 /* Build configuration list for PBXNativeTarget "SCPProject" */;
			buildPhases = (
				BEEE8E57778BDC69EE0168B1 /* Check Pods Manifest.lock */,
				C4D952EC1B8A381E0087FD98 /* Sources */,
				C4D952ED1B8A381E0087FD98 /* Frameworks */,
				C4D952EE1B8A381E0087FD98 /* Resources */,
				D5FE3A96375EBA95853191F4 /* Copy Pods Resources */,
			);
			buildRules = (
			);
			dependencies = (
			);
			name = SCPProject;
			productName = SCPProject;
			productReference = C4D952F01B8A381E0087FD98 /* SCPProject.app */;
			productType = "com.apple.product-type.application";
		};
		C4D953081B8A381E0087FD98 /* SCPProjectTests */ = {
			isa = PBXNativeTarget;
			buildConfigurationList = C4D953161B8A381E0087FD98 /* Build configuration list for PBXNativeTarget "SCPProjectTests" */;
			buildPhases = (
				C4D953051B8A381E0087FD98 /* Sources */,
				C4D953061B8A381E0087FD98 /* Frameworks */,
				C4D953071B8A381E0087FD98 /* Resources */,
			);
			buildRules = (
			);
			dependencies = (
				C4D9530B1B8A381E0087FD98 /* PBXTargetDependency */,
			);
			name = SCPProjectTests;
			productName = SCPProjectTests;
			productReference = C4D953091B8A381E0087FD98 /* SCPProjectTests.xctest */;
			productType = "com.apple.product-type.bundle.unit-test";
		};
/* End PBXNativeTarget section */

/* Begin PBXProject section */
		C4D952E81B8A381E0087FD98 /* Project object */ = {
			isa = PBXProject;
			attributes = {
				CLASSPREFIX = SCP;
				LastUpgradeCheck = 0630;
				ORGANIZATIONNAME = liupuyan;
				TargetAttributes = {
					C4D952EF1B8A381E0087FD98 = {
						CreatedOnToolsVersion = 6.3;
					};
					C4D953081B8A381E0087FD98 = {
						CreatedOnToolsVersion = 6.3;
						TestTargetID = C4D952EF1B8A381E0087FD98;
					};
				};
			};
			buildConfigurationList = C4D952EB1B8A381E0087FD98 /* Build configuration list for PBXProject "SCPProject" */;
			compatibilityVersion = "Xcode 3.2";
			developmentRegion = English;
			hasScannedForEncodings = 0;
			knownRegions = (
				en,
				Base,
			);
			mainGroup = C4D952E71B8A381E0087FD98;
			productRefGroup = C4D952F11B8A381E0087FD98 /* Products */;
			projectDirPath = "";
			projectRoot = "";
			targets = (
				C4D952EF1B8A381E0087FD98 /* SCPProject */,
				C4D953081B8A381E0087FD98 /* SCPProjectTests */,
			);
		};
/* End PBXProject section */

/* Begin PBXResourcesBuildPhase section */
		C4D952EE1B8A381E0087FD98 /* Resources */ = {
			isa = PBXResourcesBuildPhase;
			buildActionMask = 2147483647;
			files = (
				E153192E1B8B4504009AEACD /* SCPMeViewController.xib in Resources */,
				E170369A1B8B9F06006FA3DE /* SCPFindPswViewController.xib in Resources */,
				C453D6501B90C6F50021FA0C /* Storyboard.storyboard in Resources */,
				E1A8F75D1B8BA79800317649 /* SCPSpeedResignViewController.xib in Resources */,
				C4D953041B8A381E0087FD98 /* LaunchScreen.xib in Resources */,
				C4F7C3C51B8B807B0096D1A6 /* SCPImagesScroll.xib in Resources */,
				C4F7C3B11B8B6E3A0096D1A6 /* SCPShowCell.xib in Resources */,
				C4F7C3B61B8B6EA50096D1A6 /* SCPAllCell.xib in Resources */,
				C4D953011B8A381E0087FD98 /* Images.xcassets in Resources */,
			);
			runOnlyForDeploymentPostprocessing = 0;
		};
		C4D953071B8A381E0087FD98 /* Resources */ = {
			isa = PBXResourcesBuildPhase;
			buildActionMask = 2147483647;
			files = (
			);
			runOnlyForDeploymentPostprocessing = 0;
		};
/* End PBXResourcesBuildPhase section */

/* Begin PBXShellScriptBuildPhase section */
		BEEE8E57778BDC69EE0168B1 /* Check Pods Manifest.lock */ = {
			isa = PBXShellScriptBuildPhase;
			buildActionMask = 2147483647;
			files = (
			);
			inputPaths = (
			);
			name = "Check Pods Manifest.lock";
			outputPaths = (
			);
			runOnlyForDeploymentPostprocessing = 0;
			shellPath = /bin/sh;
			shellScript = "diff \"${PODS_ROOT}/../Podfile.lock\" \"${PODS_ROOT}/Manifest.lock\" > /dev/null\nif [[ $? != 0 ]] ; then\n    cat << EOM\nerror: The sandbox is not in sync with the Podfile.lock. Run 'pod install' or update your CocoaPods installation.\nEOM\n    exit 1\nfi\n";
			showEnvVarsInLog = 0;
		};
		D5FE3A96375EBA95853191F4 /* Copy Pods Resources */ = {
			isa = PBXShellScriptBuildPhase;
			buildActionMask = 2147483647;
			files = (
			);
			inputPaths = (
			);
			name = "Copy Pods Resources";
			outputPaths = (
			);
			runOnlyForDeploymentPostprocessing = 0;
			shellPath = /bin/sh;
			shellScript = "\"${SRCROOT}/Pods/Target Support Files/Pods/Pods-resources.sh\"\n";
			showEnvVarsInLog = 0;
		};
/* End PBXShellScriptBuildPhase section */

/* Begin PBXSourcesBuildPhase section */
		C4D952EC1B8A381E0087FD98 /* Sources */ = {
			isa = PBXSourcesBuildPhase;
			buildActionMask = 2147483647;
			files = (
				C4F7C3AC1B8B6DD90096D1A6 /* SCPShowViewController.m in Sources */,
				C4EDDBD41B8B3F2400DB6679 /* SCPHomeViewController.m in Sources */,
				C4EDDBC21B8B3DB300DB6679 /* SCPNavigationController.m in Sources */,
				C4EDDBB31B8B36A500DB6679 /* UIImage+SCPExtension.m in Sources */,
				C4F7C3B51B8B6EA50096D1A6 /* SCPAllCell.m in Sources */,
				C4EDDBBC1B8B36B300DB6679 /* SCPConst.m in Sources */,
				C4F7C3C41B8B807B0096D1A6 /* SCPImagesScroll.m in Sources */,
				E143E8E41B8F10F800175AE3 /* SCPEuropViewController.m in Sources */,
				C4D953321B8A39090087FD98 /* AppDelegate.m in Sources */,
				E1858C111B8C54A0008072CF /* SCPGlobalViewController.m in Sources */,
				E143E8E11B8F10D700175AE3 /* SCPTAsiaViewController.m in Sources */,
				C4D952F61B8A381E0087FD98 /* main.m in Sources */,
				C4294D081B8CA25700D92F81 /* SCPAllShopModel.m in Sources */,
				E15DFDE91B8B4CC80074489D /* SCPTextField.m in Sources */,
				C4294D051B8C8EBF00D92F81 /* SCPAllHeaderReusableView.m in Sources */,
				C4EDDBA61B8B366800DB6679 /* UIView+SCPExtension.m in Sources */,
				C4EDDBCB1B8B3E5C00DB6679 /* SCPSaleViewController.m in Sources */,
				C4F7C3B01B8B6E3A0096D1A6 /* SCPShowCell.m in Sources */,
				E143E8DE1B8F10C800175AE3 /* SCPGlobleViewController.m in Sources */,
				C4F7C3A91B8B6DA70096D1A6 /* SCPAllViewController.m in Sources */,
				E17036991B8B9F06006FA3DE /* SCPFindPswViewController.m in Sources */,
				C4EDDBC51B8B3DC700DB6679 /* SCPTabBarController.m in Sources */,
				C44250F01B8CBA8B00C0C1E5 /* UIImageView+SCPExtension.m in Sources */,
				E15319311B8B45DA009AEACD /* SCPMeViewController.m in Sources */,
				E143E8E71B8F110A00175AE3 /* SCPNorthAmeracaViewController.m in Sources */,
				E1A8F75C1B8BA79800317649 /* SCPSpeedResignViewController.m in Sources */,
			);
			runOnlyForDeploymentPostprocessing = 0;
		};
		C4D953051B8A381E0087FD98 /* Sources */ = {
			isa = PBXSourcesBuildPhase;
			buildActionMask = 2147483647;
			files = (
				C4D953101B8A381E0087FD98 /* SCPProjectTests.m in Sources */,
			);
			runOnlyForDeploymentPostprocessing = 0;
		};
/* End PBXSourcesBuildPhase section */

/* Begin PBXTargetDependency section */
		C4D9530B1B8A381E0087FD98 /* PBXTargetDependency */ = {
			isa = PBXTargetDependency;
			target = C4D952EF1B8A381E0087FD98 /* SCPProject */;
			targetProxy = C4D9530A1B8A381E0087FD98 /* PBXContainerItemProxy */;
		};
/* End PBXTargetDependency section */

/* Begin PBXVariantGroup section */
		C4D953021B8A381E0087FD98 /* LaunchScreen.xib */ = {
			isa = PBXVariantGroup;
			children = (
				C4D953031B8A381E0087FD98 /* Base */,
			);
			name = LaunchScreen.xib;
			sourceTree = "<group>";
		};
/* End PBXVariantGroup section */

/* Begin XCBuildConfiguration section */
		C4D953111B8A381E0087FD98 /* Debug */ = {
			isa = XCBuildConfiguration;
			buildSettings = {
				ALWAYS_SEARCH_USER_PATHS = NO;
				CLANG_CXX_LANGUAGE_STANDARD = "gnu++0x";
				CLANG_CXX_LIBRARY = "libc++";
				CLANG_ENABLE_MODULES = YES;
				CLANG_ENABLE_OBJC_ARC = YES;
				CLANG_WARN_BOOL_CONVERSION = YES;
				CLANG_WARN_CONSTANT_CONVERSION = YES;
				CLANG_WARN_DIRECT_OBJC_ISA_USAGE = YES_ERROR;
				CLANG_WARN_EMPTY_BODY = YES;
				CLANG_WARN_ENUM_CONVERSION = YES;
				CLANG_WARN_INT_CONVERSION = YES;
				CLANG_WARN_OBJC_ROOT_CLASS = YES_ERROR;
				CLANG_WARN_UNREACHABLE_CODE = YES;
				CLANG_WARN__DUPLICATE_METHOD_MATCH = YES;
				"CODE_SIGN_IDENTITY[sdk=iphoneos*]" = "iPhone Developer";
				COPY_PHASE_STRIP = NO;
				DEBUG_INFORMATION_FORMAT = "dwarf-with-dsym";
				ENABLE_STRICT_OBJC_MSGSEND = YES;
				GCC_C_LANGUAGE_STANDARD = gnu99;
				GCC_DYNAMIC_NO_PIC = NO;
				GCC_NO_COMMON_BLOCKS = YES;
				GCC_OPTIMIZATION_LEVEL = 0;
				GCC_PREPROCESSOR_DEFINITIONS = (
					"DEBUG=1",
					"$(inherited)",
				);
				GCC_SYMBOLS_PRIVATE_EXTERN = NO;
				GCC_WARN_64_TO_32_BIT_CONVERSION = YES;
				GCC_WARN_ABOUT_RETURN_TYPE = YES_ERROR;
				GCC_WARN_UNDECLARED_SELECTOR = YES;
				GCC_WARN_UNINITIALIZED_AUTOS = YES_AGGRESSIVE;
				GCC_WARN_UNUSED_FUNCTION = YES;
				GCC_WARN_UNUSED_VARIABLE = YES;
				IPHONEOS_DEPLOYMENT_TARGET = 8.3;
				MTL_ENABLE_DEBUG_INFO = YES;
				ONLY_ACTIVE_ARCH = YES;
				SDKROOT = iphoneos;
			};
			name = Debug;
		};
		C4D953121B8A381E0087FD98 /* Release */ = {
			isa = XCBuildConfiguration;
			buildSettings = {
				ALWAYS_SEARCH_USER_PATHS = NO;
				CLANG_CXX_LANGUAGE_STANDARD = "gnu++0x";
				CLANG_CXX_LIBRARY = "libc++";
				CLANG_ENABLE_MODULES = YES;
				CLANG_ENABLE_OBJC_ARC = YES;
				CLANG_WARN_BOOL_CONVERSION = YES;
				CLANG_WARN_CONSTANT_CONVERSION = YES;
				CLANG_WARN_DIRECT_OBJC_ISA_USAGE = YES_ERROR;
				CLANG_WARN_EMPTY_BODY = YES;
				CLANG_WARN_ENUM_CONVERSION = YES;
				CLANG_WARN_INT_CONVERSION = YES;
				CLANG_WARN_OBJC_ROOT_CLASS = YES_ERROR;
				CLANG_WARN_UNREACHABLE_CODE = YES;
				CLANG_WARN__DUPLICATE_METHOD_MATCH = YES;
				"CODE_SIGN_IDENTITY[sdk=iphoneos*]" = "iPhone Developer";
				COPY_PHASE_STRIP = NO;
				DEBUG_INFORMATION_FORMAT = "dwarf-with-dsym";
				ENABLE_NS_ASSERTIONS = NO;
				ENABLE_STRICT_OBJC_MSGSEND = YES;
				GCC_C_LANGUAGE_STANDARD = gnu99;
				GCC_NO_COMMON_BLOCKS = YES;
				GCC_WARN_64_TO_32_BIT_CONVERSION = YES;
				GCC_WARN_ABOUT_RETURN_TYPE = YES_ERROR;
				GCC_WARN_UNDECLARED_SELECTOR = YES;
				GCC_WARN_UNINITIALIZED_AUTOS = YES_AGGRESSIVE;
				GCC_WARN_UNUSED_FUNCTION = YES;
				GCC_WARN_UNUSED_VARIABLE = YES;
				IPHONEOS_DEPLOYMENT_TARGET = 8.3;
				MTL_ENABLE_DEBUG_INFO = NO;
				SDKROOT = iphoneos;
				VALIDATE_PRODUCT = YES;
			};
			name = Release;
		};
		C4D953141B8A381E0087FD98 /* Debug */ = {
			isa = XCBuildConfiguration;
			baseConfigurationReference = F2AB383CC0F68C2E48387E03 /* Pods.debug.xcconfig */;
			buildSettings = {
				ASSETCATALOG_COMPILER_APPICON_NAME = AppIcon;
				GCC_PRECOMPILE_PREFIX_HEADER = YES;
				GCC_PREFIX_HEADER = "$(SRCROOT)/SCPProject/scp.pch";
				INFOPLIST_FILE = SCPProject/Info.plist;
				IPHONEOS_DEPLOYMENT_TARGET = 8.3;
				LD_RUNPATH_SEARCH_PATHS = "$(inherited) @executable_path/Frameworks";
				PRODUCT_NAME = "$(TARGET_NAME)";
			};
			name = Debug;
		};
		C4D953151B8A381E0087FD98 /* Release */ = {
			isa = XCBuildConfiguration;
			baseConfigurationReference = E214A6D865F5930FAC592943 /* Pods.release.xcconfig */;
			buildSettings = {
				ASSETCATALOG_COMPILER_APPICON_NAME = AppIcon;
				GCC_PRECOMPILE_PREFIX_HEADER = YES;
				GCC_PREFIX_HEADER = "$(SRCROOT)/SCPProject/scp.pch";
				INFOPLIST_FILE = SCPProject/Info.plist;
				IPHONEOS_DEPLOYMENT_TARGET = 8.3;
				LD_RUNPATH_SEARCH_PATHS = "$(inherited) @executable_path/Frameworks";
				PRODUCT_NAME = "$(TARGET_NAME)";
			};
			name = Release;
		};
		C4D953171B8A381E0087FD98 /* Debug */ = {
			isa = XCBuildConfiguration;
			buildSettings = {
				BUNDLE_LOADER = "$(TEST_HOST)";
				FRAMEWORK_SEARCH_PATHS = (
					"$(SDKROOT)/Developer/Library/Frameworks",
					"$(inherited)",
				);
				GCC_PREPROCESSOR_DEFINITIONS = (
					"DEBUG=1",
					"$(inherited)",
				);
				INFOPLIST_FILE = SCPProjectTests/Info.plist;
				LD_RUNPATH_SEARCH_PATHS = "$(inherited) @executable_path/Frameworks @loader_path/Frameworks";
				PRODUCT_NAME = "$(TARGET_NAME)";
				TEST_HOST = "$(BUILT_PRODUCTS_DIR)/SCPProject.app/SCPProject";
			};
			name = Debug;
		};
		C4D953181B8A381E0087FD98 /* Release */ = {
			isa = XCBuildConfiguration;
			buildSettings = {
				BUNDLE_LOADER = "$(TEST_HOST)";
				FRAMEWORK_SEARCH_PATHS = (
					"$(SDKROOT)/Developer/Library/Frameworks",
					"$(inherited)",
				);
				INFOPLIST_FILE = SCPProjectTests/Info.plist;
				LD_RUNPATH_SEARCH_PATHS = "$(inherited) @executable_path/Frameworks @loader_path/Frameworks";
				PRODUCT_NAME = "$(TARGET_NAME)";
				TEST_HOST = "$(BUILT_PRODUCTS_DIR)/SCPProject.app/SCPProject";
			};
			name = Release;
		};
/* End XCBuildConfiguration section */

/* Begin XCConfigurationList section */
		C4D952EB1B8A381E0087FD98 /* Build configuration list for PBXProject "SCPProject" */ = {
			isa = XCConfigurationList;
			buildConfigurations = (
				C4D953111B8A381E0087FD98 /* Debug */,
				C4D953121B8A381E0087FD98 /* Release */,
			);
			defaultConfigurationIsVisible = 0;
			defaultConfigurationName = Release;
		};
		C4D953131B8A381E0087FD98 /* Build configuration list for PBXNativeTarget "SCPProject" */ = {
			isa = XCConfigurationList;
			buildConfigurations = (
				C4D953141B8A381E0087FD98 /* Debug */,
				C4D953151B8A381E0087FD98 /* Release */,
			);
			defaultConfigurationIsVisible = 0;
			defaultConfigurationName = Release;
		};
		C4D953161B8A381E0087FD98 /* Build configuration list for PBXNativeTarget "SCPProjectTests" */ = {
			isa = XCConfigurationList;
			buildConfigurations = (
				C4D953171B8A381E0087FD98 /* Debug */,
				C4D953181B8A381E0087FD98 /* Release */,
			);
			defaultConfigurationIsVisible = 0;
			defaultConfigurationName = Release;
		};
/* End XCConfigurationList section */
	};
	rootObject = C4D952E81B8A381E0087FD98 /* Project object */;
}
